# platform: linux-64
@EXPLICIT
https://conda.anaconda.org/conda-forge/linux-64/_libgcc_mutex-0.1-conda_forge.tar.bz2#d7c89558ba9fa0495403155b64376d81
https://conda.anaconda.org/conda-forge/linux-64/ca-certificates-2020.4.5.1-hecc5488_0.tar.bz2#ca3b1983633df5494cc2776cb1d4b41f
https://conda.anaconda.org/conda-forge/linux-64/ld_impl_linux-64-2.34-h53a641e_0.tar.bz2#602cf00352fa345d388876b8e36dd38d
https://conda.anaconda.org/conda-forge/linux-64/libgfortran-ng-7.3.0-hdf63c60_5.tar.bz2#9f8335e79392c5a904acad0c6f066251
https://conda.anaconda.org/conda-forge/linux-64/libstdcxx-ng-9.2.0-hdf63c60_2.tar.bz2#ca372846bf35fc54a853f4175ae5c776
https://conda.anaconda.org/conda-forge/linux-64/llvm-openmp-9.0.1-hc9558a2_2.tar.bz2#f76fff8039bc175506d9cc6fb775f3e8
https://conda.anaconda.org/conda-forge/linux-64/pandoc-2.9.2-0.tar.bz2#ce8f719b236309030676b4a91f43d71c
https://conda.anaconda.org/conda-forge/noarch/poppler-data-0.4.9-1.tar.bz2#1fef1ac4c55eec7cde779d89c8d20cc6
https://conda.anaconda.org/conda-forge/linux-64/_openmp_mutex-4.5-1_llvm.tar.bz2#fa8d764c883a53d22ce622bea830c818
https://conda.anaconda.org/conda-forge/linux-64/tbb-2018.0.5-h2d50403_0.tar.bz2#be43b790055916fd6bca1991fe812577
https://conda.anaconda.org/conda-forge/linux-64/libgcc-ng-9.2.0-h24d8f2e_2.tar.bz2#51817a9a1e6064d0a065a93c2f4986f5
https://conda.anaconda.org/conda-forge/linux-64/bzip2-1.0.8-h516909a_2.tar.bz2#b3a914cd2f2ba2dc18121e0194143c85
https://conda.anaconda.org/conda-forge/linux-64/expat-2.2.9-he1b5a44_2.tar.bz2#285f5b5ca3209d492224935affd00aab
https://conda.anaconda.org/conda-forge/linux-64/freexl-1.0.5-h14c3975_1002.tar.bz2#95adf1f15709756d3c5b3f0330c0b0db
https://conda.anaconda.org/conda-forge/linux-64/geos-3.8.1-he1b5a44_0.tar.bz2#7282fbe0c036bacad959c03c05a7eb9a
https://conda.anaconda.org/conda-forge/linux-64/giflib-5.2.1-h516909a_2.tar.bz2#70d777f83639cc2c05334b59a6dc9159
https://conda.anaconda.org/conda-forge/linux-64/icu-64.2-he1b5a44_1.tar.bz2#8e881214a23508f1541eb7a3135d6fcb
https://conda.anaconda.org/conda-forge/linux-64/jpeg-9c-h14c3975_1001.tar.bz2#861fd0d02beba22de24ff9d27439b721
https://conda.anaconda.org/conda-forge/linux-64/json-c-0.13.1-h14c3975_1001.tar.bz2#4cd63406790988faad8b26bdbc83b5ae
https://conda.anaconda.org/conda-forge/linux-64/libffi-3.2.1-he1b5a44_1007.tar.bz2#11389072d7d6036fd811c3d9460475cd
https://conda.anaconda.org/conda-forge/linux-64/libiconv-1.15-h516909a_1006.tar.bz2#a3e21981e79cc9de012bdbcb5b66e976
https://conda.anaconda.org/conda-forge/linux-64/libllvm8-8.0.1-hc9558a2_0.tar.bz2#bc743fdbfe8135350aa6d7a6de385626
https://conda.anaconda.org/conda-forge/linux-64/libopenblas-0.3.9-h5ec1e0e_0.tar.bz2#ed7643a4b8bab59719183bbbd02e8fd5
https://conda.anaconda.org/conda-forge/linux-64/libsodium-1.0.17-h516909a_0.tar.bz2#a98437ebf6fbbc6e498c64636f3958cf
https://conda.anaconda.org/conda-forge/linux-64/libspatialindex-1.9.3-he1b5a44_3.tar.bz2#b711318d56579be188d641eae1b9ca8e
https://conda.anaconda.org/conda-forge/linux-64/libuuid-2.32.1-h14c3975_1000.tar.bz2#39c6326f6ee5297632c47db6520546fe
https://conda.anaconda.org/conda-forge/linux-64/libuv-1.34.0-h516909a_0.tar.bz2#3b08c4bc550d10f0d69300a33b0320ff
https://conda.anaconda.org/conda-forge/linux-64/lz4-c-1.8.3-he1b5a44_1001.tar.bz2#20cf5873cde2b4f6b7334012669b3118
https://conda.anaconda.org/conda-forge/linux-64/ncurses-6.1-hf484d3e_1002.tar.bz2#17f2190cdcbc753893307b4c81aff478
https://conda.anaconda.org/conda-forge/linux-64/openssl-1.1.1f-h516909a_0.tar.bz2#5acd6d5f94005db2464b306be26b4177
https://conda.anaconda.org/conda-forge/linux-64/pcre-8.44-he1b5a44_0.tar.bz2#e647d89cd5cdf62760cf283a001841ff
https://conda.anaconda.org/conda-forge/linux-64/pixman-0.38.0-h516909a_1003.tar.bz2#7c0b1414e5af196415f7808fbd704143
https://conda.anaconda.org/conda-forge/linux-64/pthread-stubs-0.4-h14c3975_1001.tar.bz2#e0b9987b65bba8016d21f5bdbe0a7923
https://conda.anaconda.org/conda-forge/linux-64/tzcode-2019a-h516909a_1002.tar.bz2#3e96a84d234f84ea6cb87867a97975b0
https://conda.anaconda.org/conda-forge/linux-64/xorg-kbproto-1.0.7-h14c3975_1002.tar.bz2#6dfe5dbe10d55266e4a5e89287eed578
https://conda.anaconda.org/conda-forge/linux-64/xorg-libice-1.0.10-h516909a_0.tar.bz2#4dfda1ccfd0cc90c4fe6786acece9a30
https://conda.anaconda.org/conda-forge/linux-64/xorg-libxau-1.0.9-h14c3975_0.tar.bz2#ffa7c2b7a2c7dc779ed9e38b10a93c3c
https://conda.anaconda.org/conda-forge/linux-64/xorg-libxdmcp-1.1.3-h516909a_0.tar.bz2#e95a160e60b2a327309a6d323a4d780e
https://conda.anaconda.org/conda-forge/linux-64/xorg-renderproto-0.11.1-h14c3975_1002.tar.bz2#fbcb7fa11dee1a5d3df4371cc55bb229
https://conda.anaconda.org/conda-forge/linux-64/xorg-xextproto-7.3.0-h14c3975_1002.tar.bz2#f08999859c405bad87c4bf9b6cdc7bbb
https://conda.anaconda.org/conda-forge/linux-64/xorg-xproto-7.0.31-h14c3975_1007.tar.bz2#a45d8cd411bdf8f08ced463f68986b62
https://conda.anaconda.org/conda-forge/linux-64/xz-5.2.4-h516909a_1002.tar.bz2#d7191edbed88ef2e78ddff62726fa891
https://conda.anaconda.org/conda-forge/linux-64/yaml-0.2.2-h516909a_1.tar.bz2#6517b4fb410bdcc00f4d03fff58ecd12
https://conda.anaconda.org/conda-forge/linux-64/zlib-1.2.11-h516909a_1006.tar.bz2#eb59ca0a6123517e35bae003be4b4bfe
https://conda.anaconda.org/conda-forge/linux-64/boost-cpp-1.72.0-h8e57a91_0.tar.bz2#133a674da10caef4af883eaff85fd9a5
https://conda.anaconda.org/conda-forge/linux-64/gettext-0.19.8.1-hc5be6a0_1002.tar.bz2#8c2f1de42f9eec059418f3083f03cabc
https://conda.anaconda.org/conda-forge/linux-64/hdf4-4.2.13-hf30be14_1003.tar.bz2#7f3e92154c3397e085ae1c37eb4975c5
https://conda.anaconda.org/conda-forge/linux-64/hdf5-1.10.5-nompi_h3c11f04_1104.tar.bz2#4ab54adc3774e9da616905a0090affed
https://conda.anaconda.org/conda-forge/linux-64/libblas-3.8.0-16_openblas.tar.bz2#0f34d0b1703b03ae689ec2e75a5d9b0c
https://conda.anaconda.org/conda-forge/linux-64/libedit-3.1.20170329-hf8c457e_1001.tar.bz2#9a43e6232edf70e46ef2eeb1b8ba4799
https://conda.anaconda.org/conda-forge/linux-64/libpng-1.6.37-hed695b0_1.tar.bz2#af826c4343debc44688bde6394f76fe8
https://conda.anaconda.org/conda-forge/linux-64/libssh2-1.8.2-h22169c7_2.tar.bz2#19b43b39ac9b778e3e2a7e79029daa80
https://conda.anaconda.org/conda-forge/linux-64/libxcb-1.13-h14c3975_1002.tar.bz2#ca4eb860b5528d5c6de8d97021d9ef78
https://conda.anaconda.org/conda-forge/linux-64/libxml2-2.9.10-hee79883_0.tar.bz2#0217b0926808b1adf93247bba489d733
https://conda.anaconda.org/conda-forge/linux-64/nodejs-13.10.1-hf5d1a2b_0.tar.bz2#5e4080ef4c53a3a43be724dee4ea5620
https://conda.anaconda.org/conda-forge/linux-64/readline-8.0-hf8c457e_0.tar.bz2#c0499d26d9e2fe8bbb06e4e1bae8a089
https://conda.anaconda.org/conda-forge/linux-64/tk-8.6.10-hed695b0_0.tar.bz2#9a3e126468fa7fb6a54caad41b5a2d45
https://conda.anaconda.org/conda-forge/linux-64/xerces-c-3.2.2-h8412b87_1004.tar.bz2#ffe3dc512c8eab9b4a5a8c3d64c0d69a
https://conda.anaconda.org/conda-forge/linux-64/xorg-libsm-1.2.3-h84519dc_1000.tar.bz2#56cc238b81624db9e3e36b2b6a482cc1
https://conda.anaconda.org/conda-forge/linux-64/zeromq-4.3.2-he1b5a44_2.tar.bz2#bc50a478e0d59f9a62ad164e7d768f63
https://conda.anaconda.org/conda-forge/linux-64/zstd-1.4.4-h3b9ef0a_2.tar.bz2#321ac99a7a3f5434d51af4a53e7e2efa
https://conda.anaconda.org/conda-forge/linux-64/configurable-http-proxy-4.2.1-node13_he01fd0c_0.tar.bz2#ac5bb1f5417aa13eb6b5d7212c41d720
https://conda.anaconda.org/conda-forge/linux-64/freetype-2.10.1-he06d7ca_0.tar.bz2#586f3868ba70e6841e2206b80f226f6b
https://conda.anaconda.org/conda-forge/linux-64/kealib-1.4.13-hec59c27_0.tar.bz2#b72884a415c3b6d694914fa069bf43c4
https://conda.anaconda.org/conda-forge/linux-64/krb5-1.16.4-h2fd8d38_0.tar.bz2#eeb9f689fb2bf9a43d6639981951c95d
https://conda.anaconda.org/conda-forge/linux-64/libcblas-3.8.0-16_openblas.tar.bz2#68467ace0a5ce0796de7c309730c1344
https://conda.anaconda.org/conda-forge/linux-64/libkml-1.3.0-hb574062_1011.tar.bz2#41192213fb45d65f1a5570acc9ddadcd
https://conda.anaconda.org/conda-forge/linux-64/liblapack-3.8.0-16_openblas.tar.bz2#01077121ad191fcb15bb5e258c19958f
https://conda.anaconda.org/conda-forge/linux-64/libtiff-4.1.0-hc3755c2_3.tar.bz2#bf174e3e658e4a5067db29773cd8c7a4
https://conda.anaconda.org/conda-forge/linux-64/sqlite-3.30.1-hcee41ef_0.tar.bz2#f336ebabe62ffcef174177be963313ce
https://conda.anaconda.org/conda-forge/linux-64/xorg-libx11-1.6.9-h516909a_0.tar.bz2#abce51425428b9f4199f3857c940ebd2
https://conda.anaconda.org/conda-forge/linux-64/fontconfig-2.13.1-h86ecdb6_1001.tar.bz2#51b20857a0d8b2434696f3515a1098d6
https://conda.anaconda.org/conda-forge/linux-64/libcurl-7.68.0-hda55be3_0.tar.bz2#a51a14dce761e5fab8e9211cfdab9f74
https://conda.anaconda.org/conda-forge/linux-64/libpq-12.2-hae5116b_0.tar.bz2#d2e795fe083929c3257c19aee1eee9be
https://conda.anaconda.org/conda-forge/linux-64/libwebp-1.0.2-h56121f0_5.tar.bz2#2544c4e158d8c2cde0e63c702028cfca
https://conda.anaconda.org/conda-forge/linux-64/openjpeg-2.3.1-h981e76c_3.tar.bz2#4a4b5d04b3791ab848b47611def88c4f
https://conda.anaconda.org/conda-forge/linux-64/proj-6.3.1-hc80f0dc_1.tar.bz2#dc4391dda7677c7299248d9754672526
https://conda.anaconda.org/conda-forge/linux-64/python-3.8.2-h8356626_5_cpython.tar.bz2#3db3bfc8eaa73c1e8ef9f706d17cbb98
https://conda.anaconda.org/conda-forge/linux-64/xorg-libxext-1.3.4-h516909a_0.tar.bz2#aba40ec20012e0a2641ced275a0abdca
https://conda.anaconda.org/conda-forge/linux-64/xorg-libxrender-0.9.10-h516909a_1002.tar.bz2#bf3514891c6743ed808602fa9f4f1508
https://conda.anaconda.org/conda-forge/noarch/affine-2.3.0-py_0.tar.bz2#5a9bfe23652d0ad9aa27e56cd75bfe33
https://conda.anaconda.org/conda-forge/noarch/appdirs-1.4.3-py_1.tar.bz2#79ea201c0ff86b098d3e3e3fa45505cd
https://conda.anaconda.org/conda-forge/noarch/asciitree-0.3.3-py_2.tar.bz2#c0481c9de49f040272556e2cedf42816
https://conda.anaconda.org/conda-forge/noarch/async-timeout-3.0.1-py_1000.tar.bz2#8b11024b2762a07aaa07d2743231a41b
https://conda.anaconda.org/conda-forge/noarch/async_generator-1.10-py_0.tar.bz2#d56c596e61b1c4952acf0a9920856c12
https://conda.anaconda.org/conda-forge/noarch/attrs-19.3.0-py_0.tar.bz2#5ddf9ee0eb95aac1d3881a8e3df5a1fa
https://conda.anaconda.org/conda-forge/noarch/backcall-0.1.0-py_0.tar.bz2#a6d55d275ba454de578438ae587d7d86
https://conda.anaconda.org/conda-forge/noarch/blinker-1.4-py_1.tar.bz2#fa509a09190583f869ae442bf4d17f5f
https://conda.anaconda.org/conda-forge/noarch/cachetools-3.1.1-py_0.tar.bz2#b603fad0a52df7bdf566826b6489bca8
https://conda.anaconda.org/conda-forge/linux-64/cfitsio-3.470-hb60a0a2_2.tar.bz2#573a70e5dde7885a2a110546d569f6cd
https://conda.anaconda.org/conda-forge/noarch/click-7.1.1-pyh8c360ce_0.tar.bz2#9acb72a9e1cb8cf4119a943c557f167a
https://conda.anaconda.org/conda-forge/noarch/cloudpickle-1.3.0-py_0.tar.bz2#cae03ecd9bfea53984927105d6339953
https://conda.anaconda.org/conda-forge/noarch/colorama-0.4.3-py_0.tar.bz2#9cf68a6826504feedbfd646bc4d1ca14
https://conda.anaconda.org/conda-forge/linux-64/curl-7.68.0-hf8cf82a_0.tar.bz2#966380ffbd349045294dfb3d4a6d8363
https://conda.anaconda.org/conda-forge/noarch/dask-core-2.13.0-py_0.tar.bz2#cce28626ca2cb6a7f1e483812e9f7bd5
https://conda.anaconda.org/conda-forge/noarch/decorator-4.4.2-py_0.tar.bz2#d2eabb9cabd212e1ec6a9463bd846243
https://conda.anaconda.org/conda-forge/noarch/defusedxml-0.6.0-py_0.tar.bz2#37e1033daee0e2edaa5ff42584c52b21
https://conda.anaconda.org/conda-forge/linux-64/docutils-0.15.2-py38_0.tar.bz2#e711cf496b045eb9a8519473b735b35e
https://conda.anaconda.org/conda-forge/noarch/fsspec-0.7.1-py_0.tar.bz2#3993d939e2be86588cd125d26a9f88b3
https://conda.anaconda.org/conda-forge/linux-64/geotiff-1.5.1-hcbe54f9_9.tar.bz2#a0ba9ed668f3feafb843baa8a016ae3f
https://conda.anaconda.org/conda-forge/noarch/heapdict-1.0.1-py_0.tar.bz2#77242bfb1e74a627fb06319b5a2d3b95
https://conda.anaconda.org/conda-forge/noarch/idna-2.9-py_1.tar.bz2#846ba802162eb14046e303053b42ad61
https://conda.anaconda.org/conda-forge/noarch/ipython_genutils-0.2.0-py_1.tar.bz2#5071c982548b3a20caf70462f04f5287
https://conda.anaconda.org/conda-forge/noarch/jmespath-0.9.5-py_0.tar.bz2#d56550c83addd8db8e716e53d838d76d
https://conda.anaconda.org/conda-forge/noarch/json5-0.9.0-py_0.tar.bz2#4f7918ce973829dc0c26530b08642d7a
https://conda.anaconda.org/conda-forge/linux-64/libspatialite-4.3.0a-heb269f5_1037.tar.bz2#0ff53dc2349398a686ef368a6e201e14
https://conda.anaconda.org/conda-forge/noarch/locket-0.2.0-py_2.tar.bz2#709e8671651c7ec3d1ad07800339ff1d
https://conda.anaconda.org/conda-forge/linux-64/mistune-0.8.4-py38h516909a_1000.tar.bz2#40012408df7f78998865946a1b98598f
https://conda.anaconda.org/conda-forge/noarch/monotonic-1.5-py_0.tar.bz2#0cc5fd0140497c3f1e2db2e7493b62b3
https://conda.anaconda.org/conda-forge/linux-64/multidict-4.7.5-py38h516909a_0.tar.bz2#3b392ac67f110521db353261401e753d
https://conda.anaconda.org/conda-forge/noarch/olefile-0.46-py_0.tar.bz2#8a6d3394763144710916ecf556c6287d
https://conda.anaconda.org/conda-forge/noarch/pamela-1.0.0-py_0.tar.bz2#36f6f18d2f3ae0c93d77a9dbedad08c3
https://conda.anaconda.org/conda-forge/noarch/pandocfilters-1.4.2-py_1.tar.bz2#ba6f4a308f1ea22abe1d72e72544af76
https://conda.anaconda.org/conda-forge/noarch/param-1.9.3-py_0.tar.bz2#7258dbe25d6f41d330ffb898932dcac2
https://conda.anaconda.org/conda-forge/noarch/parso-0.6.2-py_0.tar.bz2#29b976d16173705add76f338ad446de6
https://conda.anaconda.org/conda-forge/linux-64/postgresql-12.2-hf1211e9_0.tar.bz2#c9d1d71fea0a8edc91c75ec0df1cd062
https://conda.anaconda.org/conda-forge/noarch/prometheus_client-0.7.1-py_0.tar.bz2#469be7d5090ceca761a23f3baa078f1f
https://conda.anaconda.org/conda-forge/noarch/ptyprocess-0.6.0-py_1001.tar.bz2#0c3a56f1ab48cfb002c69b48f9e1ddc6
https://conda.anaconda.org/conda-forge/noarch/pyasn1-0.4.8-py_0.tar.bz2#06d04c9f8f72ac77911db942eda24fb9
https://conda.anaconda.org/conda-forge/noarch/pycparser-2.20-py_0.tar.bz2#e0a3e66aaaac33386b3cf35b5523b2ce
https://conda.anaconda.org/conda-forge/linux-64/pycurl-7.43.0.5-py38h16ce93b_0.tar.bz2#d746e7c644fee239ac80862ca5f9df1d
https://conda.anaconda.org/conda-forge/noarch/pyparsing-2.4.6-py_0.tar.bz2#3725431e0c73a7fc70807bd9b3a27367
https://conda.anaconda.org/conda-forge/noarch/pyshp-2.1.0-py_0.tar.bz2#d33726eb4b6cc2c348ea4c8ad5e1915b
https://conda.anaconda.org/conda-forge/noarch/python-editor-1.0.4-py_0.tar.bz2#eaaf29a0644f9407f98a4665f45880c4
https://conda.anaconda.org/conda-forge/noarch/python-json-logger-0.1.11-py_0.tar.bz2#f4912fb7591c1deb9957beef3c18ad00
https://conda.anaconda.org/conda-forge/linux-64/python_abi-3.8-1_cp38.tar.bz2#8d05152d6fb3012b27a0e6fbcc14bea1
https://conda.anaconda.org/conda-forge/noarch/pytz-2019.3-py_0.tar.bz2#50b90b25d004a9d0c90482bbd3fb71d9
https://conda.anaconda.org/conda-forge/noarch/send2trash-1.5.0-py_0.tar.bz2#c3779037a635e1150f1c53c28b875949
https://conda.anaconda.org/conda-forge/noarch/simpervisor-0.3-py_1.tar.bz2#fe08b77a681a541161b2b42fbd78d117
https://conda.anaconda.org/conda-forge/noarch/six-1.14.0-py_1.tar.bz2#9c032ebdf2b7685ec6332c5c45e1ac72
https://conda.anaconda.org/conda-forge/noarch/sortedcontainers-2.1.0-py_0.tar.bz2#06e4b049221dbb924fa6ce7a6befdf11
https://conda.anaconda.org/conda-forge/noarch/tblib-1.6.0-py_0.tar.bz2#0e1562c39e804e0d7df8650626379caa
https://conda.anaconda.org/conda-forge/noarch/testpath-0.4.4-py_0.tar.bz2#3b98fff4d5342bebde2ecaa314f796f9
https://conda.anaconda.org/conda-forge/noarch/toolz-0.10.0-py_0.tar.bz2#9b38c091d24a308daf386f1e82d9d3a9
https://conda.anaconda.org/conda-forge/noarch/tqdm-4.45.0-pyh9f0ad1d_0.tar.bz2#acd5d802fdeeda24f1343c7908e0ee47
https://conda.anaconda.org/conda-forge/noarch/wcwidth-0.1.9-pyh9f0ad1d_0.tar.bz2#ef10a99c7570762fa2a69218c171dbc8
https://conda.anaconda.org/conda-forge/noarch/webencodings-0.5.1-py_1.tar.bz2#3563be4c5611a44210d9ba0c16113136
https://conda.anaconda.org/conda-forge/noarch/zipp-3.1.0-py_0.tar.bz2#61948e426a3a3ec1fa7c90a44c2585d1
https://conda.anaconda.org/conda-forge/linux-64/certifi-2020.4.5.1-py38h32f6830_0.tar.bz2#1672a8fbf040222f8e55c9393a909f0b
https://conda.anaconda.org/conda-forge/linux-64/cffi-1.14.0-py38hd463f26_0.tar.bz2#9dd9590dc6e7114399b980e47f53514d
https://conda.anaconda.org/conda-forge/linux-64/chardet-3.0.4-py38h32f6830_1006.tar.bz2#a95280e64d666aeb17b7c4e94ad729e3
https://conda.anaconda.org/conda-forge/noarch/click-plugins-1.1.1-py_0.tar.bz2#4fd2c6b53934bd7d96d1f3fdaf99b79f
https://conda.anaconda.org/conda-forge/noarch/cligj-0.5.0-py_0.tar.bz2#a559037c0c463477b91a94a1b9fc5a6f
https://conda.anaconda.org/conda-forge/noarch/cycler-0.10.0-py_2.tar.bz2#f6d7c7e6d8f42cbbec7e07a8d879f91c
https://conda.anaconda.org/conda-forge/linux-64/cytoolz-0.10.1-py38h516909a_0.tar.bz2#6a63f6a08c044cf41533815898507929
https://conda.anaconda.org/conda-forge/linux-64/entrypoints-0.3-py38h32f6830_1001.tar.bz2#ac7df2c675db951e9d26e356fd3bc56b
https://conda.anaconda.org/conda-forge/noarch/fasteners-0.14.1-py_3.tar.bz2#8af0bf3cfe806fb001d9923b4fe1594b
https://conda.anaconda.org/conda-forge/linux-64/glib-2.58.3-py38h73cb85d_1004.tar.bz2#14f0bbda0ba75a0d9753b7640877e3ab
https://conda.anaconda.org/conda-forge/linux-64/importlib-metadata-1.6.0-py38h32f6830_0.tar.bz2#c1cbb055968b2f9fc632429c7b5f8e9d
https://conda.anaconda.org/conda-forge/linux-64/jedi-0.16.0-py38h32f6830_1.tar.bz2#d37a4ec2d69f1752682c46bdb6537a52
https://conda.anaconda.org/conda-forge/linux-64/kiwisolver-1.2.0-py38hbf85e49_0.tar.bz2#0535a58defc14cb8b54aebbd4eca52de
https://conda.anaconda.org/conda-forge/linux-64/libdap4-3.20.4-hd3bb157_0.tar.bz2#470b98f5baf353e3f96f537b2f07afd7
https://conda.anaconda.org/conda-forge/linux-64/libnetcdf-4.7.4-nompi_h9f9fd6a_101.tar.bz2#add87f9ca69bac2671898657332f9ec4
https://conda.anaconda.org/conda-forge/linux-64/llvmlite-0.31.0-py38h4f45e52_1.tar.bz2#c7b8cde8183ee9334db5c25872b62464
https://conda.anaconda.org/conda-forge/linux-64/markupsafe-1.1.1-py38h1e0a361_1.tar.bz2#22998906a1294fc06133e094a9ac6d72
https://conda.anaconda.org/conda-forge/linux-64/msgpack-python-1.0.0-py38hbf85e49_1.tar.bz2#05b492636846d025c27f95ac3a5b8ce8
https://conda.anaconda.org/conda-forge/noarch/multipledispatch-0.6.0-py_0.tar.bz2#1073dc92c8f247d94ac14dd79ca0bbec
https://conda.anaconda.org/conda-forge/linux-64/numpy-1.18.1-py38h8854b6b_1.tar.bz2#e10852f36671a24bd8f73716be4400a7
https://conda.anaconda.org/conda-forge/noarch/packaging-20.1-py_0.tar.bz2#b88d38a6e9c690857e2c24a50a5f4f13
https://conda.anaconda.org/conda-forge/noarch/partd-1.1.0-py_0.tar.bz2#4afbf2cdf4e6ad279080d3adb5cefaae
https://conda.anaconda.org/conda-forge/linux-64/pexpect-4.8.0-py38h32f6830_1.tar.bz2#da53534fe197ed435275df2c59043083
https://conda.anaconda.org/conda-forge/linux-64/pickleshare-0.7.5-py38h32f6830_1001.tar.bz2#05b7f1f00d70e0f37041c56acc9601ce
https://conda.anaconda.org/conda-forge/linux-64/pillow-7.1.1-py38h9776b28_0.tar.bz2#6f5c8618a5b031490b24bf39a699fc7d
https://conda.anaconda.org/conda-forge/linux-64/psutil-5.7.0-py38h1e0a361_1.tar.bz2#95b19c8000698f78012e4a7686eec609
https://conda.anaconda.org/conda-forge/noarch/pyasn1-modules-0.2.7-py_0.tar.bz2#ad1e886d09700b2304975335f714bd9c
https://conda.anaconda.org/conda-forge/noarch/pyct-core-0.4.6-py_0.tar.bz2#55ec526f95e0959de3f68bc6289a20da
https://conda.anaconda.org/conda-forge/linux-64/pyproj-2.6.0-py38h95a477d_0.tar.bz2#4def4b5f7876dba751a3bd8d89e4b4ec
https://conda.anaconda.org/conda-forge/linux-64/pyrsistent-0.16.0-py38h1e0a361_0.tar.bz2#3e1d37536e1a8db36abdbf188903db69
https://conda.anaconda.org/conda-forge/linux-64/pysocks-1.7.1-py38h32f6830_1.tar.bz2#8cff813a871cc0a8053dbf716dd4fba6
https://conda.anaconda.org/conda-forge/noarch/python-dateutil-2.7.5-py_0.tar.bz2#c6b028f9d5b55c772fad91e3c017861d
https://conda.anaconda.org/conda-forge/noarch/pyviz_comms-0.7.4-pyh8c360ce_0.tar.bz2#3566c320ccda0c7ba7ac36cab4fba75f
https://conda.anaconda.org/conda-forge/linux-64/pyyaml-5.3.1-py38h1e0a361_0.tar.bz2#06ea727fe1e670886d4d0cc8f8529db9
https://conda.anaconda.org/conda-forge/linux-64/pyzmq-19.0.0-py38ha71036d_1.tar.bz2#2aae6beb1cb6fa38142f8c45b7dcb5b1
https://conda.anaconda.org/conda-forge/noarch/rsa-3.4.2-py_1.tar.bz2#d9dbd2b9b4019012723e7abef5b6033c
https://conda.anaconda.org/conda-forge/linux-64/rtree-0.9.4-py38h08f867b_1.tar.bz2#54610027f61a7e9c1fa3ed74c37aa063
https://conda.anaconda.org/conda-forge/linux-64/ruamel.yaml.clib-0.2.0-py38h1e0a361_1.tar.bz2#ce35a092073371a430f0693f46f6a934
https://conda.anaconda.org/conda-forge/linux-64/sqlalchemy-1.3.15-py38h1e0a361_1.tar.bz2#311cc76bb924cff124810a7e9515de93
https://conda.anaconda.org/conda-forge/linux-64/tiledb-1.7.0-hcde45ca_2.tar.bz2#b36dacd76232ea9d06b6a6723f35f3ad
https://conda.anaconda.org/conda-forge/linux-64/tornado-6.0.4-py38h1e0a361_1.tar.bz2#5120a9329db3722c5ac094c756187fe9
https://conda.anaconda.org/conda-forge/linux-64/traitlets-4.3.3-py38h32f6830_1.tar.bz2#923af96a0a7a29cce6bff2303078c06e
https://conda.anaconda.org/conda-forge/linux-64/typing_extensions-3.7.4.1-py38h32f6830_3.tar.bz2#23b34d6ea8114ede1e7d05866eee3723
https://conda.anaconda.org/conda-forge/linux-64/websocket-client-0.57.0-py38h32f6830_1.tar.bz2#5e1a8a58a1eaa1f29723ef4033838a04
https://conda.anaconda.org/conda-forge/linux-64/yarl-1.3.0-py38h516909a_1000.tar.bz2#f36f35802c8a83e0b11dfb3226390cc0
https://conda.anaconda.org/conda-forge/noarch/zict-2.0.0-py_0.tar.bz2#4750152be22f24d695b3004c5e1712d3
https://conda.anaconda.org/conda-forge/linux-64/aiohttp-3.6.2-py38h516909a_0.tar.bz2#84399782cfee811e944baf0b870c30ae
https://conda.anaconda.org/conda-forge/linux-64/cairo-1.16.0-hcf35c78_1003.tar.bz2#6b996a9e9337b64a7477942b84d3afe5
https://conda.anaconda.org/conda-forge/linux-64/cftime-1.1.1.2-py38h8790de6_0.tar.bz2#9c82f35bde90c92101e2678fb67bc687
https://conda.anaconda.org/conda-forge/linux-64/cryptography-2.8-py38h766eaa4_2.tar.bz2#c0a5c3eb510059a795b9c222d8c812cf
https://conda.anaconda.org/conda-forge/noarch/datashape-0.5.4-py_1.tar.bz2#50ddfce434ea596fc4497085f403a9d5
https://conda.anaconda.org/conda-forge/linux-64/h5py-2.10.0-nompi_py38h513d04c_102.tar.bz2#3a7ee7bcd339e2264d00d240141fdef6
https://conda.anaconda.org/conda-forge/noarch/imageio-2.8.0-py_0.tar.bz2#f63669fea5fd0f69e5081f88ab565855
https://conda.anaconda.org/conda-forge/noarch/importlib_metadata-1.6.0-0.tar.bz2#5ab13b586ea79f4324a1d4d5de1f04fb
https://conda.anaconda.org/conda-forge/linux-64/jupyter_core-4.6.3-py38h32f6830_1.tar.bz2#8044bf1dbabee1a38484f4ae180dfbe6
https://conda.anaconda.org/conda-forge/noarch/mako-1.1.0-py_0.tar.bz2#27be2a84ad4f520062d706194a21a5c5
https://conda.anaconda.org/conda-forge/linux-64/numcodecs-0.6.4-py38he1b5a44_0.tar.bz2#4873a5169bb684b4e120e7bcb287488e
https://conda.anaconda.org/conda-forge/linux-64/pandas-1.0.3-py38hcb8c335_0.tar.bz2#ed183fdb58c51ef8eefd6b81989f430e
https://conda.anaconda.org/conda-forge/linux-64/pykdtree-1.3.1-py38h8790de6_1003.tar.bz2#9f8f530ee820cb7ccb65c8dc980c9bac
https://conda.anaconda.org/conda-forge/linux-64/pywavelets-1.1.1-py38hc1659b7_0.tar.bz2#9927d017db8d24c61b0785e9d400ff64
https://conda.anaconda.org/conda-forge/linux-64/scipy-1.4.1-py38h18bccfc_2.tar.bz2#dc7b53f68b3bf88515426b604d97631a
https://conda.anaconda.org/conda-forge/linux-64/setuptools-46.1.3-py38h32f6830_0.tar.bz2#ff3ae5c457b1ebf150f396d83f2f932f
https://conda.anaconda.org/conda-forge/linux-64/shapely-1.7.0-py38hd168ffb_3.tar.bz2#587b071bfd404ab004616b9d1064c7a9
https://conda.anaconda.org/conda-forge/noarch/snuggs-1.4.7-py_0.tar.bz2#cb83a3d6ecf73f50117635192414426a
https://conda.anaconda.org/conda-forge/linux-64/terminado-0.8.3-py38h32f6830_1.tar.bz2#050dd70f20541aeaece5540f19a22813
https://conda.anaconda.org/conda-forge/noarch/traittypes-0.2.1-py_1.tar.bz2#b3a93e87b88b44fc7575234fba22a770
https://conda.anaconda.org/conda-forge/noarch/alembic-1.4.2-pyh9f0ad1d_0.tar.bz2#82990aff7b052d02029506e393f291b8
https://conda.anaconda.org/conda-forge/noarch/bleach-3.1.4-pyh9f0ad1d_0.tar.bz2#5233d60620c37de59fa253e448da7b68
https://conda.anaconda.org/conda-forge/linux-64/distributed-2.13.0-py38h32f6830_0.tar.bz2#d34b4ed283f96c5a570b7fc4e49a2260
https://conda.anaconda.org/conda-forge/noarch/google-auth-1.12.0-pyh9f0ad1d_0.tar.bz2#748f40ecfc36dab6673deaad99779a74
https://conda.anaconda.org/conda-forge/noarch/h5netcdf-0.8.0-py_0.tar.bz2#fa71cf520756021769531c842b9d8fc9
https://conda.anaconda.org/conda-forge/noarch/jinja2-2.11.1-py_0.tar.bz2#852ec70745d890ed0bb9585e640c3615
https://conda.anaconda.org/conda-forge/linux-64/jsonschema-3.2.0-py38h32f6830_1.tar.bz2#49dd43811f60b5ba18fb9d7663a451d5
https://conda.anaconda.org/conda-forge/noarch/jupyter_client-6.1.2-py_0.tar.bz2#c731ea51244da01df268cd48a93f9944
https://conda.anaconda.org/conda-forge/noarch/markdown-3.2.1-py_0.tar.bz2#a70e8d9a9d80774f93973e98531f487c
https://conda.anaconda.org/conda-forge/linux-64/matplotlib-base-3.2.1-py38h2af1d28_0.tar.bz2#3e1d86b93014e56c226dc43dc46d5769
https://conda.anaconda.org/conda-forge/noarch/mercantile-1.1.2-py_0.tar.bz2#754f033fdae107b997a775fb3899bca1
https://conda.anaconda.org/conda-forge/noarch/munch-2.5.0-py_0.tar.bz2#31d9e9be500e25ff0050bc9f57a6bcd7
https://conda.anaconda.org/conda-forge/linux-64/netcdf4-1.5.3-nompi_py38heb6102f_103.tar.bz2#c6bd39e3e87fd8e11c6118104822762b
https://conda.anaconda.org/conda-forge/noarch/networkx-2.4-py_1.tar.bz2#5aaf85a2001a7d818148794f3099eb5e
https://conda.anaconda.org/conda-forge/linux-64/numba-0.48.0-py38hb3f55d8_0.tar.bz2#580c5132d9f575462db40daf20201ff1
https://conda.anaconda.org/conda-forge/linux-64/poppler-0.67.0-h14e79db_8.tar.bz2#e20e05cc2efde07972b62414d02de883
https://conda.anaconda.org/conda-forge/noarch/pygments-2.6.1-py_0.tar.bz2#37736a64e169c430eac98a46ddc1ac4a
https://conda.anaconda.org/conda-forge/noarch/pyjwt-1.7.1-py_0.tar.bz2#617ab4f8c5e481fdeabe55d7a1e14798
https://conda.anaconda.org/conda-forge/noarch/pyopenssl-19.1.0-py_1.tar.bz2#ef3d970a6de9bc902d233e59f746b7cd
https://conda.anaconda.org/conda-forge/linux-64/ruamel.yaml-0.16.6-py38h1e0a361_1.tar.bz2#12aaeb71ecec6afd217a55bbe0065b66
https://conda.anaconda.org/conda-forge/noarch/wheel-0.34.2-py_1.tar.bz2#1a3f64dbee07e02a8f1de36b5b5e98ee
https://conda.anaconda.org/conda-forge/noarch/xarray-0.15.1-py_0.tar.bz2#df41740ff870cf8f50f87b9135617a50
https://conda.anaconda.org/conda-forge/noarch/zarr-2.4.0-py_0.tar.bz2#57d5031b1a07f73f6a671fba6eccbd2a
https://conda.anaconda.org/conda-forge/linux-64/bokeh-2.0.1-py38h32f6830_0.tar.bz2#626abfd44ed8cb185aaee3855d63011a
https://conda.anaconda.org/conda-forge/noarch/branca-0.3.1-py_0.tar.bz2#d578d9c8f065254757b9fd22b617fef0
https://conda.anaconda.org/conda-forge/noarch/certipy-0.1.3-py_0.tar.bz2#23486713ef5712923e7c57cae609b22e
https://conda.anaconda.org/conda-forge/noarch/jupyter_telemetry-0.0.5-py_0.tar.bz2#46d62a58c7dd1e6fcdaff59441285791
https://conda.anaconda.org/conda-forge/linux-64/libgdal-3.0.4-h94bbfbd_3.tar.bz2#0f733571fe72d2b417d1acc0f4a74c56
https://conda.anaconda.org/conda-forge/noarch/nbformat-5.0.4-py_0.tar.bz2#3914c56543a61e104b13d2bb771bc21b
https://conda.anaconda.org/conda-forge/noarch/oauthlib-3.0.1-py_0.tar.bz2#faaf2a8fd1cddecbf1818fcf0ed3a3b6
https://conda.anaconda.org/conda-forge/noarch/pip-20.0.2-py_2.tar.bz2#70e60f1bf7c83ede9f7b2551d006db8c
https://conda.anaconda.org/conda-forge/noarch/prompt-toolkit-3.0.5-py_0.tar.bz2#a280c0f4675f808df0cd79c8c5eaaa07
https://conda.anaconda.org/conda-forge/linux-64/scikit-image-0.16.2-py38hb3f55d8_0.tar.bz2#468b398fefac8884cd6e6513af66549b
https://conda.anaconda.org/conda-forge/linux-64/urllib3-1.25.7-py38h32f6830_1.tar.bz2#27074d330b0ab3b6903bea95de7d9143
https://conda.anaconda.org/conda-forge/noarch/botocore-1.15.36-pyh9f0ad1d_0.tar.bz2#e366c190a5c80d2f2d2037572ca1d785
https://conda.anaconda.org/conda-forge/noarch/dask-2.13.0-py_0.tar.bz2#0c4df0018cd648bf700e4b89b75dfb8d
https://conda.anaconda.org/conda-forge/linux-64/gdal-3.0.4-py38h172510d_3.tar.bz2#284ed79b9ffac3670c5e0930342ec569
https://conda.anaconda.org/conda-forge/linux-64/ipython-7.13.0-py38h32f6830_2.tar.bz2#c73e1371351cf1c8c4729ccacb6e05fa
https://conda.anaconda.org/conda-forge/noarch/kubernetes_asyncio-11.1.0-pyh8c360ce_0.tar.bz2#78ab053854e2bcfc988db1039889f7ee
https://conda.anaconda.org/conda-forge/linux-64/nbconvert-5.6.1-py38_0.tar.bz2#498a8493755a1906ff2e621521145091
https://conda.anaconda.org/conda-forge/linux-64/rasterio-1.1.3-py38h900e953_0.tar.bz2#ded9485f0590774553c74fad9f1e7b4f
https://conda.anaconda.org/conda-forge/noarch/requests-2.23.0-pyh8c360ce_2.tar.bz2#73055fb278196cccbf3c90e6d7115533
https://conda.anaconda.org/conda-forge/noarch/adal-1.2.2-py_0.tar.bz2#9f00a60d9121267526133775798ab1bf
https://conda.anaconda.org/conda-forge/linux-64/dask-gateway-0.6.1-py38_0.tar.bz2#94d7b7c57f6a9edb4606466f45216037
https://conda.anaconda.org/conda-forge/linux-64/fiona-1.8.13-py38h900e953_0.tar.bz2#f26f1efbbae75c8df0dea0c249dc5d61
https://conda.anaconda.org/conda-forge/noarch/intake-0.5.5-py_0.tar.bz2#32aa70db9672c581ae9391b39a5316f7
https://conda.anaconda.org/conda-forge/linux-64/ipykernel-5.2.0-py38h23f93f0_1.tar.bz2#510f00017dcfbdeb94189108a3a85083
https://conda.anaconda.org/conda-forge/linux-64/jupyterhub-base-1.1.0-py38_2.tar.bz2#0aa19613d967862d8ffec7bf39305514
https://conda.anaconda.org/conda-forge/noarch/owslib-0.19.2-py_1.tar.bz2#2b2a4d3776dd6b7326257999e547aef5
https://conda.anaconda.org/conda-forge/noarch/pyct-0.4.6-py_0.tar.bz2#42d91c89bc3993ec88681cffd3c0e326
https://conda.anaconda.org/conda-forge/noarch/pyepsg-0.4.0-py_0.tar.bz2#c3de0e5a1931c6732457300d2832f02f
https://conda.anaconda.org/conda-forge/noarch/requests-oauthlib-1.2.0-py_0.tar.bz2#27a14eeba7f541bed8de4bcdade9859f
https://conda.anaconda.org/conda-forge/linux-64/s3transfer-0.3.3-py38h32f6830_1.tar.bz2#1a43e18b776ff854b491f5f67323f45c
https://conda.anaconda.org/conda-forge/noarch/sat-stac-0.3.3-py_0.tar.bz2#844ffde5dd2870e57b5f664f233b7d33
https://conda.anaconda.org/conda-forge/noarch/supermercado-0.0.5-py_0.tar.bz2#a0549abc053ad3c4d2483196cb372b31
https://conda.anaconda.org/conda-forge/linux-64/awscli-1.18.36-py38h32f6830_0.tar.bz2#555520e2fb04eb951298bc22b56d395e
https://conda.anaconda.org/conda-forge/noarch/boto3-1.12.36-pyh9f0ad1d_0.tar.bz2#14b3073a8bf4cbb202d076633485bdc6
https://conda.anaconda.org/conda-forge/linux-64/cartopy-0.17.0-py38h4118a90_1013.tar.bz2#116b7b23dfb0ef80115e81a3d0801ead
https://conda.anaconda.org/conda-forge/noarch/colorcet-2.0.1-py_0.tar.bz2#aa65c1760b4ccc79d3be1fb3a7060de8
https://conda.anaconda.org/conda-forge/noarch/geopandas-0.7.0-py_1.tar.bz2#374aba5106e4a2ff83fc41cc6a8b5c3d
https://conda.anaconda.org/conda-forge/noarch/google-auth-oauthlib-0.4.1-py_2.tar.bz2#116611db5925f952312e4c1e799936e2
https://conda.anaconda.org/conda-forge/noarch/intake-xarray-0.3.1-py_0.tar.bz2#4005b688e1233803f8fda4056c0bb517
https://conda.anaconda.org/conda-forge/linux-64/jupyterhub-1.1.0-py38_2.tar.bz2#19319f28702bfb16fa9877018ea59414
https://conda.anaconda.org/conda-forge/linux-64/notebook-6.0.3-py38_0.tar.bz2#1d7413e2488300db9d1a48b02df7a884
https://conda.anaconda.org/conda-forge/noarch/panel-0.9.5-py_0.tar.bz2#c31a359257ead8b991b31371dd81ff8a
https://conda.anaconda.org/conda-forge/linux-64/python-kubernetes-10.1.0-py38h32f6830_1.tar.bz2#4abd7a29f7f12347cb2180f3c6b6195b
https://conda.anaconda.org/conda-forge/noarch/sat-search-0.2.2-py_0.tar.bz2#a863008a421a1868d7f17e7243fb848a
https://conda.anaconda.org/conda-forge/noarch/dask-kubernetes-0.10.1-py_0.tar.bz2#3ead262fc65b2bd0e2dc655baaa51921
https://conda.anaconda.org/conda-forge/noarch/datashader-0.10.0-py_0.tar.bz2#434368350692fa548747f35040924d19
https://conda.anaconda.org/conda-forge/noarch/gcsfs-0.6.1-py_0.tar.bz2#9d87354c461d781fbb829fe67a54d072
https://conda.anaconda.org/conda-forge/noarch/holoviews-1.13.2-pyh9f0ad1d_0.tar.bz2#bc2b7e03777f6f1ba5d7c4430c0506ee
https://conda.anaconda.org/conda-forge/noarch/intake-stac-0.2.3-py_0.tar.bz2#2e74f8de67f010c60964aabdcd235030
https://conda.anaconda.org/conda-forge/noarch/jupyter-server-proxy-1.3.2-py_0.tar.bz2#2b2c669a3abb039f7448a28ed3777e36
https://conda.anaconda.org/conda-forge/noarch/jupyterlab_server-1.1.0-py_0.tar.bz2#ca7a18425d6bfa76c0d294ef876460fa
https://conda.anaconda.org/conda-forge/linux-64/nb_conda_kernels-2.2.3-py38_0.tar.bz2#1e7eddbeeef7c215e715c7dce0ab7981
https://conda.anaconda.org/conda-forge/noarch/nbgitpuller-0.8.0-py_0.tar.bz2#ba04afee2e289857c1510cf33f81d518
https://conda.anaconda.org/conda-forge/noarch/rio-cogeo-1.1.6-py_0.tar.bz2#317a75119c34199721535925528107f2
https://conda.anaconda.org/conda-forge/noarch/s3fs-0.4.2-py_0.tar.bz2#ead328eb12f01d88706126ba061e7a69
https://conda.anaconda.org/conda-forge/linux-64/widgetsnbextension-3.5.1-py38_0.tar.bz2#295f6dee750ca44fc842c69975586028
https://conda.anaconda.org/conda-forge/noarch/dask-labextension-1.1.0-py_0.tar.bz2#67fee4fc7a2780ffa9f03102974dac31
https://conda.anaconda.org/conda-forge/noarch/geoviews-core-1.8.1-py_0.tar.bz2#035a845a6d0faac84d33a63dcc84e428
https://conda.anaconda.org/conda-forge/noarch/hvplot-0.5.2-py_0.tar.bz2#feda34e40d1a7cc81f9ccca223d8bf8a
https://conda.anaconda.org/conda-forge/noarch/ipywidgets-7.5.1-py_0.tar.bz2#24c482846bffc5c5beca4f6719fc6244
https://conda.anaconda.org/conda-forge/noarch/jupyterlab-1.2.7-py_0.tar.bz2#5b02ecd63c293fb11218ff6661d3c454
https://conda.anaconda.org/conda-forge/noarch/pangeo-dask-2020.04.03-1.tar.bz2#48f5332a0d1ef74dbf1ddf2ecd1e46f6
https://conda.anaconda.org/conda-forge/noarch/geoviews-1.8.1-py_0.tar.bz2#29062ab20a9543d77ae3353201697b9d
https://conda.anaconda.org/conda-forge/noarch/ipyleaflet-0.12.3-py_1.tar.bz2#25ad63ae3b4af55bc6367f4e29e437df
https://conda.anaconda.org/conda-forge/noarch/pangeo-notebook-2020.04.03-0.tar.bz2#01f2b9e06e309b3a6584520963775b54
